// !$*UTF8*$!
{
	archiveVersion = 1;
	classes = {
	};
	objectVersion = 50;
	objects = {

/* Begin PBXBuildFile section */
		4BEC7898EF19870F43EEBDD8 /* Pods_Instaglam.framework in Frameworks */ = {isa = PBXBuildFile; fileRef = B1E98F160EBB70D3EA66A5CE /* Pods_Instaglam.framework */; };
		94419D319905828317CCAEB2 /* Pods_InstaglamTests.framework in Frameworks */ = {isa = PBXBuildFile; fileRef = 06AB800153398676B5F785FB /* Pods_InstaglamTests.framework */; };
		DA97DC01009623EC1CD5429D /* Pods_InstaglamUITests.framework in Frameworks */ = {isa = PBXBuildFile; fileRef = 29BEE8F0CC48C6087ED4A50C /* Pods_InstaglamUITests.framework */; };
		E650FB79217A7C9100D5DC40 /* AppDelegate.swift in Sources */ = {isa = PBXBuildFile; fileRef = E650FB78217A7C9100D5DC40 /* AppDelegate.swift */; };
		E650FB7E217A7C9100D5DC40 /* Main.storyboard in Resources */ = {isa = PBXBuildFile; fileRef = E650FB7C217A7C9100D5DC40 /* Main.storyboard */; };
		E650FB80217A7C9200D5DC40 /* Assets.xcassets in Resources */ = {isa = PBXBuildFile; fileRef = E650FB7F217A7C9200D5DC40 /* Assets.xcassets */; };
		E650FB83217A7C9200D5DC40 /* LaunchScreen.storyboard in Resources */ = {isa = PBXBuildFile; fileRef = E650FB81217A7C9200D5DC40 /* LaunchScreen.storyboard */; };
		E650FB8E217A7C9200D5DC40 /* InstaglamTests.swift in Sources */ = {isa = PBXBuildFile; fileRef = E650FB8D217A7C9200D5DC40 /* InstaglamTests.swift */; };
		E650FB99217A7C9200D5DC40 /* InstaglamUITests.swift in Sources */ = {isa = PBXBuildFile; fileRef = E650FB98217A7C9200D5DC40 /* InstaglamUITests.swift */; };
		E6583362217E77BA00D7B579 /* FeedViewController.swift in Sources */ = {isa = PBXBuildFile; fileRef = E6583361217E77BA00D7B579 /* FeedViewController.swift */; };
		E6583365217E836C00D7B579 /* ProfileViewController.swift in Sources */ = {isa = PBXBuildFile; fileRef = E6583364217E836C00D7B579 /* ProfileViewController.swift */; };
		E6583367217E838300D7B579 /* CaptureViewController.swift in Sources */ = {isa = PBXBuildFile; fileRef = E6583366217E838300D7B579 /* CaptureViewController.swift */; };
		E6DF212E217BDC2300835A67 /* LoginViewController.swift in Sources */ = {isa = PBXBuildFile; fileRef = E6DF212D217BDC2300835A67 /* LoginViewController.swift */; };
/* End PBXBuildFile section */

/* Begin PBXContainerItemProxy section */
		E650FB8A217A7C9200D5DC40 /* PBXContainerItemProxy */ = {
			isa = PBXContainerItemProxy;
			containerPortal = E650FB6D217A7C9100D5DC40 /* Project object */;
			proxyType = 1;
			remoteGlobalIDString = E650FB74217A7C9100D5DC40;
			remoteInfo = Instaglam;
		};
		E650FB95217A7C9200D5DC40 /* PBXContainerItemProxy */ = {
			isa = PBXContainerItemProxy;
			containerPortal = E650FB6D217A7C9100D5DC40 /* Project object */;
			proxyType = 1;
			remoteGlobalIDString = E650FB74217A7C9100D5DC40;
			remoteInfo = Instaglam;
		};
/* End PBXContainerItemProxy section */

/* Begin PBXFileReference section */
		06AB800153398676B5F785FB /* Pods_InstaglamTests.framework */ = {isa = PBXFileReference; explicitFileType = wrapper.framework; includeInIndex = 0; path = Pods_InstaglamTests.framework; sourceTree = BUILT_PRODUCTS_DIR; };
		17924B28CDD972BA9B7268A6 /* Pods-InstaglamTests.debug.xcconfig */ = {isa = PBXFileReference; includeInIndex = 1; lastKnownFileType = text.xcconfig; name = "Pods-InstaglamTests.debug.xcconfig"; path = "Pods/Target Support Files/Pods-InstaglamTests/Pods-InstaglamTests.debug.xcconfig"; sourceTree = "<group>"; };
		29BEE8F0CC48C6087ED4A50C /* Pods_InstaglamUITests.framework */ = {isa = PBXFileReference; explicitFileType = wrapper.framework; includeInIndex = 0; path = Pods_InstaglamUITests.framework; sourceTree = BUILT_PRODUCTS_DIR; };
		3CCE3C04F995BD260080119A /* Pods-Instaglam.debug.xcconfig */ = {isa = PBXFileReference; includeInIndex = 1; lastKnownFileType = text.xcconfig; name = "Pods-Instaglam.debug.xcconfig"; path = "Pods/Target Support Files/Pods-Instaglam/Pods-Instaglam.debug.xcconfig"; sourceTree = "<group>"; };
		91C6D69591CB7C7CD4A59EDF /* Pods-InstaglamTests.release.xcconfig */ = {isa = PBXFileReference; includeInIndex = 1; lastKnownFileType = text.xcconfig; name = "Pods-InstaglamTests.release.xcconfig"; path = "Pods/Target Support Files/Pods-InstaglamTests/Pods-InstaglamTests.release.xcconfig"; sourceTree = "<group>"; };
		A66D011DD8FCC572A8FDDC49 /* Pods-InstaglamUITests.debug.xcconfig */ = {isa = PBXFileReference; includeInIndex = 1; lastKnownFileType = text.xcconfig; name = "Pods-InstaglamUITests.debug.xcconfig"; path = "Pods/Target Support Files/Pods-InstaglamUITests/Pods-InstaglamUITests.debug.xcconfig"; sourceTree = "<group>"; };
		B1E98F160EBB70D3EA66A5CE /* Pods_Instaglam.framework */ = {isa = PBXFileReference; explicitFileType = wrapper.framework; includeInIndex = 0; path = Pods_Instaglam.framework; sourceTree = BUILT_PRODUCTS_DIR; };
		C7C96D8668E13BA7E8AFF7AD /* Pods-Instaglam.release.xcconfig */ = {isa = PBXFileReference; includeInIndex = 1; lastKnownFileType = text.xcconfig; name = "Pods-Instaglam.release.xcconfig"; path = "Pods/Target Support Files/Pods-Instaglam/Pods-Instaglam.release.xcconfig"; sourceTree = "<group>"; };
		E650FB75217A7C9100D5DC40 /* Instaglam.app */ = {isa = PBXFileReference; explicitFileType = wrapper.application; includeInIndex = 0; path = Instaglam.app; sourceTree = BUILT_PRODUCTS_DIR; };
		E650FB78217A7C9100D5DC40 /* AppDelegate.swift */ = {isa = PBXFileReference; lastKnownFileType = sourcecode.swift; path = AppDelegate.swift; sourceTree = "<group>"; };
		E650FB7D217A7C9100D5DC40 /* Base */ = {isa = PBXFileReference; lastKnownFileType = file.storyboard; name = Base; path = Base.lproj/Main.storyboard; sourceTree = "<group>"; };
		E650FB7F217A7C9200D5DC40 /* Assets.xcassets */ = {isa = PBXFileReference; lastKnownFileType = folder.assetcatalog; path = Assets.xcassets; sourceTree = "<group>"; };
		E650FB82217A7C9200D5DC40 /* Base */ = {isa = PBXFileReference; lastKnownFileType = file.storyboard; name = Base; path = Base.lproj/LaunchScreen.storyboard; sourceTree = "<group>"; };
		E650FB84217A7C9200D5DC40 /* Info.plist */ = {isa = PBXFileReference; lastKnownFileType = text.plist.xml; path = Info.plist; sourceTree = "<group>"; };
		E650FB89217A7C9200D5DC40 /* InstaglamTests.xctest */ = {isa = PBXFileReference; explicitFileType = wrapper.cfbundle; includeInIndex = 0; path = InstaglamTests.xctest; sourceTree = BUILT_PRODUCTS_DIR; };
		E650FB8D217A7C9200D5DC40 /* InstaglamTests.swift */ = {isa = PBXFileReference; lastKnownFileType = sourcecode.swift; path = InstaglamTests.swift; sourceTree = "<group>"; };
		E650FB8F217A7C9200D5DC40 /* Info.plist */ = {isa = PBXFileReference; lastKnownFileType = text.plist.xml; path = Info.plist; sourceTree = "<group>"; };
		E650FB94217A7C9200D5DC40 /* InstaglamUITests.xctest */ = {isa = PBXFileReference; explicitFileType = wrapper.cfbundle; includeInIndex = 0; path = InstaglamUITests.xctest; sourceTree = BUILT_PRODUCTS_DIR; };
		E650FB98217A7C9200D5DC40 /* InstaglamUITests.swift */ = {isa = PBXFileReference; lastKnownFileType = sourcecode.swift; path = InstaglamUITests.swift; sourceTree = "<group>"; };
		E650FB9A217A7C9300D5DC40 /* Info.plist */ = {isa = PBXFileReference; lastKnownFileType = text.plist.xml; path = Info.plist; sourceTree = "<group>"; };
		E6583361217E77BA00D7B579 /* FeedViewController.swift */ = {isa = PBXFileReference; lastKnownFileType = sourcecode.swift; path = FeedViewController.swift; sourceTree = "<group>"; };
		E6583364217E836C00D7B579 /* ProfileViewController.swift */ = {isa = PBXFileReference; lastKnownFileType = sourcecode.swift; path = ProfileViewController.swift; sourceTree = "<group>"; };
		E6583366217E838300D7B579 /* CaptureViewController.swift */ = {isa = PBXFileReference; lastKnownFileType = sourcecode.swift; path = CaptureViewController.swift; sourceTree = "<group>"; };
		E6DF212D217BDC2300835A67 /* LoginViewController.swift */ = {isa = PBXFileReference; lastKnownFileType = sourcecode.swift; path = LoginViewController.swift; sourceTree = "<group>"; };
		ED7CB9EB2BA6B4C09E9EA857 /* Pods-InstaglamUITests.release.xcconfig */ = {isa = PBXFileReference; includeInIndex = 1; lastKnownFileType = text.xcconfig; name = "Pods-InstaglamUITests.release.xcconfig"; path = "Pods/Target Support Files/Pods-InstaglamUITests/Pods-InstaglamUITests.release.xcconfig"; sourceTree = "<group>"; };
/* End PBXFileReference section */

/* Begin PBXFrameworksBuildPhase section */
		E650FB72217A7C9100D5DC40 /* Frameworks */ = {
			isa = PBXFrameworksBuildPhase;
			buildActionMask = 2147483647;
			files = (
				4BEC7898EF19870F43EEBDD8 /* Pods_Instaglam.framework in Frameworks */,
			);
			runOnlyForDeploymentPostprocessing = 0;
		};
		E650FB86217A7C9200D5DC40 /* Frameworks */ = {
			isa = PBXFrameworksBuildPhase;
			buildActionMask = 2147483647;
			files = (
				94419D319905828317CCAEB2 /* Pods_InstaglamTests.framework in Frameworks */,
			);
			runOnlyForDeploymentPostprocessing = 0;
		};
		E650FB91217A7C9200D5DC40 /* Frameworks */ = {
			isa = PBXFrameworksBuildPhase;
			buildActionMask = 2147483647;
			files = (
				DA97DC01009623EC1CD5429D /* Pods_InstaglamUITests.framework in Frameworks */,
			);
			runOnlyForDeploymentPostprocessing = 0;
		};
/* End PBXFrameworksBuildPhase section */

/* Begin PBXGroup section */
		25ACD11D38E07C8715A17C92 /* Frameworks */ = {
			isa = PBXGroup;
			children = (
				B1E98F160EBB70D3EA66A5CE /* Pods_Instaglam.framework */,
				06AB800153398676B5F785FB /* Pods_InstaglamTests.framework */,
				29BEE8F0CC48C6087ED4A50C /* Pods_InstaglamUITests.framework */,
			);
			name = Frameworks;
			sourceTree = "<group>";
		};
		E650FB6C217A7C9100D5DC40 = {
			isa = PBXGroup;
			children = (
				E650FB77217A7C9100D5DC40 /* Instaglam */,
				E650FB8C217A7C9200D5DC40 /* InstaglamTests */,
				E650FB97217A7C9200D5DC40 /* InstaglamUITests */,
				E650FB76217A7C9100D5DC40 /* Products */,
				EE65766E5846FCDECDF5B5AD /* Pods */,
				25ACD11D38E07C8715A17C92 /* Frameworks */,
			);
			sourceTree = "<group>";
		};
		E650FB76217A7C9100D5DC40 /* Products */ = {
			isa = PBXGroup;
			children = (
				E650FB75217A7C9100D5DC40 /* Instaglam.app */,
				E650FB89217A7C9200D5DC40 /* InstaglamTests.xctest */,
				E650FB94217A7C9200D5DC40 /* InstaglamUITests.xctest */,
			);
			name = Products;
			sourceTree = "<group>";
		};
		E650FB77217A7C9100D5DC40 /* Instaglam */ = {
			isa = PBXGroup;
			children = (
				E6583363217E835600D7B579 /* View Controllers */,
				E650FB78217A7C9100D5DC40 /* AppDelegate.swift */,
				E650FB7C217A7C9100D5DC40 /* Main.storyboard */,
				E650FB7F217A7C9200D5DC40 /* Assets.xcassets */,
				E650FB81217A7C9200D5DC40 /* LaunchScreen.storyboard */,
				E650FB84217A7C9200D5DC40 /* Info.plist */,
			);
			path = Instaglam;
			sourceTree = "<group>";
		};
		E650FB8C217A7C9200D5DC40 /* InstaglamTests */ = {
			isa = PBXGroup;
			children = (
				E650FB8D217A7C9200D5DC40 /* InstaglamTests.swift */,
				E650FB8F217A7C9200D5DC40 /* Info.plist */,
			);
			path = InstaglamTests;
			sourceTree = "<group>";
		};
		E650FB97217A7C9200D5DC40 /* InstaglamUITests */ = {
			isa = PBXGroup;
			children = (
				E650FB98217A7C9200D5DC40 /* InstaglamUITests.swift */,
				E650FB9A217A7C9300D5DC40 /* Info.plist */,
			);
			path = InstaglamUITests;
			sourceTree = "<group>";
		};
		E6583363217E835600D7B579 /* View Controllers */ = {
			isa = PBXGroup;
			children = (
				E6583361217E77BA00D7B579 /* FeedViewController.swift */,
				E6DF212D217BDC2300835A67 /* LoginViewController.swift */,
				E6583364217E836C00D7B579 /* ProfileViewController.swift */,
				E6583366217E838300D7B579 /* CaptureViewController.swift */,
			);
			path = "View Controllers";
			sourceTree = "<group>";
		};
		EE65766E5846FCDECDF5B5AD /* Pods */ = {
			isa = PBXGroup;
			children = (
				3CCE3C04F995BD260080119A /* Pods-Instaglam.debug.xcconfig */,
				C7C96D8668E13BA7E8AFF7AD /* Pods-Instaglam.release.xcconfig */,
				17924B28CDD972BA9B7268A6 /* Pods-InstaglamTests.debug.xcconfig */,
				91C6D69591CB7C7CD4A59EDF /* Pods-InstaglamTests.release.xcconfig */,
				A66D011DD8FCC572A8FDDC49 /* Pods-InstaglamUITests.debug.xcconfig */,
				ED7CB9EB2BA6B4C09E9EA857 /* Pods-InstaglamUITests.release.xcconfig */,
			);
			name = Pods;
			sourceTree = "<group>";
		};
/* End PBXGroup section */

/* Begin PBXNativeTarget section */
		E650FB74217A7C9100D5DC40 /* Instaglam */ = {
			isa = PBXNativeTarget;
			buildConfigurationList = E650FB9D217A7C9300D5DC40 /* Build configuration list for PBXNativeTarget "Instaglam" */;
			buildPhases = (
				E686C4EAEE87072C3A9FC98F /* [CP] Check Pods Manifest.lock */,
				E650FB71217A7C9100D5DC40 /* Sources */,
				E650FB72217A7C9100D5DC40 /* Frameworks */,
				E650FB73217A7C9100D5DC40 /* Resources */,
				22B7C453B2925FBEAF36CBC4 /* [CP] Embed Pods Frameworks */,
			);
			buildRules = (
			);
			dependencies = (
			);
			name = Instaglam;
			productName = Instaglam;
			productReference = E650FB75217A7C9100D5DC40 /* Instaglam.app */;
			productType = "com.apple.product-type.application";
		};
		E650FB88217A7C9200D5DC40 /* InstaglamTests */ = {
			isa = PBXNativeTarget;
			buildConfigurationList = E650FBA0217A7C9300D5DC40 /* Build configuration list for PBXNativeTarget "InstaglamTests" */;
			buildPhases = (
				02042A76D483E3A4A1A67CBD /* [CP] Check Pods Manifest.lock */,
				E650FB85217A7C9200D5DC40 /* Sources */,
				E650FB86217A7C9200D5DC40 /* Frameworks */,
				E650FB87217A7C9200D5DC40 /* Resources */,
			);
			buildRules = (
			);
			dependencies = (
				E650FB8B217A7C9200D5DC40 /* PBXTargetDependency */,
			);
			name = InstaglamTests;
			productName = InstaglamTests;
			productReference = E650FB89217A7C9200D5DC40 /* InstaglamTests.xctest */;
			productType = "com.apple.product-type.bundle.unit-test";
		};
		E650FB93217A7C9200D5DC40 /* InstaglamUITests */ = {
			isa = PBXNativeTarget;
			buildConfigurationList = E650FBA3217A7C9300D5DC40 /* Build configuration list for PBXNativeTarget "InstaglamUITests" */;
			buildPhases = (
				EC36D2BDF1AD307F766F9407 /* [CP] Check Pods Manifest.lock */,
				E650FB90217A7C9200D5DC40 /* Sources */,
				E650FB91217A7C9200D5DC40 /* Frameworks */,
				E650FB92217A7C9200D5DC40 /* Resources */,
			);
			buildRules = (
			);
			dependencies = (
				E650FB96217A7C9200D5DC40 /* PBXTargetDependency */,
			);
			name = InstaglamUITests;
			productName = InstaglamUITests;
			productReference = E650FB94217A7C9200D5DC40 /* InstaglamUITests.xctest */;
			productType = "com.apple.product-type.bundle.ui-testing";
		};
/* End PBXNativeTarget section */

/* Begin PBXProject section */
		E650FB6D217A7C9100D5DC40 /* Project object */ = {
			isa = PBXProject;
			attributes = {
				LastSwiftUpdateCheck = 1000;
				LastUpgradeCheck = 1000;
				ORGANIZATIONNAME = "Andriana Aivazians";
				TargetAttributes = {
					E650FB74217A7C9100D5DC40 = {
						CreatedOnToolsVersion = 10.0;
					};
					E650FB88217A7C9200D5DC40 = {
						CreatedOnToolsVersion = 10.0;
						TestTargetID = E650FB74217A7C9100D5DC40;
					};
					E650FB93217A7C9200D5DC40 = {
						CreatedOnToolsVersion = 10.0;
						TestTargetID = E650FB74217A7C9100D5DC40;
					};
				};
			};
			buildConfigurationList = E650FB70217A7C9100D5DC40 /* Build configuration list for PBXProject "Instaglam" */;
			compatibilityVersion = "Xcode 9.3";
			developmentRegion = en;
			hasScannedForEncodings = 0;
			knownRegions = (
				en,
				Base,
			);
			mainGroup = E650FB6C217A7C9100D5DC40;
			productRefGroup = E650FB76217A7C9100D5DC40 /* Products */;
			projectDirPath = "";
			projectRoot = "";
			targets = (
				E650FB74217A7C9100D5DC40 /* Instaglam */,
				E650FB88217A7C9200D5DC40 /* InstaglamTests */,
				E650FB93217A7C9200D5DC40 /* InstaglamUITests */,
			);
		};
/* End PBXProject section */

/* Begin PBXResourcesBuildPhase section */
		E650FB73217A7C9100D5DC40 /* Resources */ = {
			isa = PBXResourcesBuildPhase;
			buildActionMask = 2147483647;
			files = (
				E650FB83217A7C9200D5DC40 /* LaunchScreen.storyboard in Resources */,
				E650FB80217A7C9200D5DC40 /* Assets.xcassets in Resources */,
				E650FB7E217A7C9100D5DC40 /* Main.storyboard in Resources */,
			);
			runOnlyForDeploymentPostprocessing = 0;
		};
		E650FB87217A7C9200D5DC40 /* Resources */ = {
			isa = PBXResourcesBuildPhase;
			buildActionMask = 2147483647;
			files = (
			);
			runOnlyForDeploymentPostprocessing = 0;
		};
		E650FB92217A7C9200D5DC40 /* Resources */ = {
			isa = PBXResourcesBuildPhase;
			buildActionMask = 2147483647;
			files = (
			);
			runOnlyForDeploymentPostprocessing = 0;
		};
/* End PBXResourcesBuildPhase section */

/* Begin PBXShellScriptBuildPhase section */
		02042A76D483E3A4A1A67CBD /* [CP] Check Pods Manifest.lock */ = {
			isa = PBXShellScriptBuildPhase;
			buildActionMask = 2147483647;
			files = (
			);
			inputFileListPaths = (
			);
			inputPaths = (
				"${PODS_PODFILE_DIR_PATH}/Podfile.lock",
				"${PODS_ROOT}/Manifest.lock",
			);
			name = "[CP] Check Pods Manifest.lock";
			outputFileListPaths = (
			);
			outputPaths = (
				"$(DERIVED_FILE_DIR)/Pods-InstaglamTests-checkManifestLockResult.txt",
			);
			runOnlyForDeploymentPostprocessing = 0;
			shellPath = /bin/sh;
			shellScript = "diff \"${PODS_PODFILE_DIR_PATH}/Podfile.lock\" \"${PODS_ROOT}/Manifest.lock\" > /dev/null\nif [ $? != 0 ] ; then\n    # print error to STDERR\n    echo \"error: The sandbox is not in sync with the Podfile.lock. Run 'pod install' or update your CocoaPods installation.\" >&2\n    exit 1\nfi\n# This output is used by Xcode 'outputs' to avoid re-running this script phase.\necho \"SUCCESS\" > \"${SCRIPT_OUTPUT_FILE_0}\"\n";
			showEnvVarsInLog = 0;
		};
		22B7C453B2925FBEAF36CBC4 /* [CP] Embed Pods Frameworks */ = {
			isa = PBXShellScriptBuildPhase;
			buildActionMask = 2147483647;
			files = (
			);
			inputFileListPaths = (
			);
			inputPaths = (
				"${SRCROOT}/Pods/Target Support Files/Pods-Instaglam/Pods-Instaglam-frameworks.sh",
				"${BUILT_PRODUCTS_DIR}/Bolts/Bolts.framework",
				"${BUILT_PRODUCTS_DIR}/Parse/Parse.framework",
			);
			name = "[CP] Embed Pods Frameworks";
			outputFileListPaths = (
			);
			outputPaths = (
				"${TARGET_BUILD_DIR}/${FRAMEWORKS_FOLDER_PATH}/Bolts.framework",
				"${TARGET_BUILD_DIR}/${FRAMEWORKS_FOLDER_PATH}/Parse.framework",
			);
			runOnlyForDeploymentPostprocessing = 0;
			shellPath = /bin/sh;
			shellScript = "\"${SRCROOT}/Pods/Target Support Files/Pods-Instaglam/Pods-Instaglam-frameworks.sh\"\n";
			showEnvVarsInLog = 0;
		};
		E686C4EAEE87072C3A9FC98F /* [CP] Check Pods Manifest.lock */ = {
			isa = PBXShellScriptBuildPhase;
			buildActionMask = 2147483647;
			files = (
			);
			inputFileListPaths = (
			);
			inputPaths = (
				"${PODS_PODFILE_DIR_PATH}/Podfile.lock",
				"${PODS_ROOT}/Manifest.lock",
			);
			name = "[CP] Check Pods Manifest.lock";
			outputFileListPaths = (
			);
			outputPaths = (
				"$(DERIVED_FILE_DIR)/Pods-Instaglam-checkManifestLockResult.txt",
			);
			runOnlyForDeploymentPostprocessing = 0;
			shellPath = /bin/sh;
			shellScript = "diff \"${PODS_PODFILE_DIR_PATH}/Podfile.lock\" \"${PODS_ROOT}/Manifest.lock\" > /dev/null\nif [ $? != 0 ] ; then\n    # print error to STDERR\n    echo \"error: The sandbox is not in sync with the Podfile.lock. Run 'pod install' or update your CocoaPods installation.\" >&2\n    exit 1\nfi\n# This output is used by Xcode 'outputs' to avoid re-running this script phase.\necho \"SUCCESS\" > \"${SCRIPT_OUTPUT_FILE_0}\"\n";
			showEnvVarsInLog = 0;
		};
		EC36D2BDF1AD307F766F9407 /* [CP] Check Pods Manifest.lock */ = {
			isa = PBXShellScriptBuildPhase;
			buildActionMask = 2147483647;
			files = (
			);
			inputFileListPaths = (
			);
			inputPaths = (
				"${PODS_PODFILE_DIR_PATH}/Podfile.lock",
				"${PODS_ROOT}/Manifest.lock",
			);
			name = "[CP] Check Pods Manifest.lock";
			outputFileListPaths = (
			);
			outputPaths = (
				"$(DERIVED_FILE_DIR)/Pods-InstaglamUITests-checkManifestLockResult.txt",
			);
			runOnlyForDeploymentPostprocessing = 0;
			shellPath = /bin/sh;
			shellScript = "diff \"${PODS_PODFILE_DIR_PATH}/Podfile.lock\" \"${PODS_ROOT}/Manifest.lock\" > /dev/null\nif [ $? != 0 ] ; then\n    # print error to STDERR\n    echo \"error: The sandbox is not in sync with the Podfile.lock. Run 'pod install' or update your CocoaPods installation.\" >&2\n    exit 1\nfi\n# This output is used by Xcode 'outputs' to avoid re-running this script phase.\necho \"SUCCESS\" > \"${SCRIPT_OUTPUT_FILE_0}\"\n";
			showEnvVarsInLog = 0;
		};
/* End PBXShellScriptBuildPhase section */

/* Begin PBXSourcesBuildPhase section */
		E650FB71217A7C9100D5DC40 /* Sources */ = {
			isa = PBXSourcesBuildPhase;
			buildActionMask = 2147483647;
			files = (
				E6DF212E217BDC2300835A67 /* LoginViewController.swift in Sources */,
				E6583362217E77BA00D7B579 /* FeedViewController.swift in Sources */,
				E6583365217E836C00D7B579 /* ProfileViewController.swift in Sources */,
				E650FB79217A7C9100D5DC40 /* AppDelegate.swift in Sources */,
				E6583367217E838300D7B579 /* CaptureViewController.swift in Sources */,
			);
			runOnlyForDeploymentPostprocessing = 0;
		};
		E650FB85217A7C9200D5DC40 /* Sources */ = {
			isa = PBXSourcesBuildPhase;
			buildActionMask = 2147483647;
			files = (
				E650FB8E217A7C9200D5DC40 /* InstaglamTests.swift in Sources */,
			);
			runOnlyForDeploymentPostprocessing = 0;
		};
		E650FB90217A7C9200D5DC40 /* Sources */ = {
			isa = PBXSourcesBuildPhase;
			buildActionMask = 2147483647;
			files = (
				E650FB99217A7C9200D5DC40 /* InstaglamUITests.swift in Sources */,
			);
			runOnlyForDeploymentPostprocessing = 0;
		};
/* End PBXSourcesBuildPhase section */

/* Begin PBXTargetDependency section */
		E650FB8B217A7C9200D5DC40 /* PBXTargetDependency */ = {
			isa = PBXTargetDependency;
			target = E650FB74217A7C9100D5DC40 /* Instaglam */;
			targetProxy = E650FB8A217A7C9200D5DC40 /* PBXContainerItemProxy */;
		};
		E650FB96217A7C9200D5DC40 /* PBXTargetDependency */ = {
			isa = PBXTargetDependency;
			target = E650FB74217A7C9100D5DC40 /* Instaglam */;
			targetProxy = E650FB95217A7C9200D5DC40 /* PBXContainerItemProxy */;
		};
/* End PBXTargetDependency section */

/* Begin PBXVariantGroup section */
		E650FB7C217A7C9100D5DC40 /* Main.storyboard */ = {
			isa = PBXVariantGroup;
			children = (
				E650FB7D217A7C9100D5DC40 /* Base */,
			);
			name = Main.storyboard;
			sourceTree = "<group>";
		};
		E650FB81217A7C9200D5DC40 /* LaunchScreen.storyboard */ = {
			isa = PBXVariantGroup;
			children = (
				E650FB82217A7C9200D5DC40 /* Base */,
			);
			name = LaunchScreen.storyboard;
			sourceTree = "<group>";
		};
/* End PBXVariantGroup section */

/* Begin XCBuildConfiguration section */
		E650FB9B217A7C9300D5DC40 /* Debug */ = {
			isa = XCBuildConfiguration;
			buildSettings = {
				ALWAYS_SEARCH_USER_PATHS = NO;
				CLANG_ANALYZER_NONNULL = YES;
				CLANG_ANALYZER_NUMBER_OBJECT_CONVERSION = YES_AGGRESSIVE;
				CLANG_CXX_LANGUAGE_STANDARD = "gnu++14";
				CLANG_CXX_LIBRARY = "libc++";
				CLANG_ENABLE_MODULES = YES;
				CLANG_ENABLE_OBJC_ARC = YES;
				CLANG_ENABLE_OBJC_WEAK = YES;
				CLANG_WARN_BLOCK_CAPTURE_AUTORELEASING = YES;
				CLANG_WARN_BOOL_CONVERSION = YES;
				CLANG_WARN_COMMA = YES;
				CLANG_WARN_CONSTANT_CONVERSION = YES;
				CLANG_WARN_DEPRECATED_OBJC_IMPLEMENTATIONS = YES;
				CLANG_WARN_DIRECT_OBJC_ISA_USAGE = YES_ERROR;
				CLANG_WARN_DOCUMENTATION_COMMENTS = YES;
				CLANG_WARN_EMPTY_BODY = YES;
				CLANG_WARN_ENUM_CONVERSION = YES;
				CLANG_WARN_INFINITE_RECURSION = YES;
				CLANG_WARN_INT_CONVERSION = YES;
				CLANG_WARN_NON_LITERAL_NULL_CONVERSION = YES;
				CLANG_WARN_OBJC_IMPLICIT_RETAIN_SELF = YES;
				CLANG_WARN_OBJC_LITERAL_CONVERSION = YES;
				CLANG_WARN_OBJC_ROOT_CLASS = YES_ERROR;
				CLANG_WARN_RANGE_LOOP_ANALYSIS = YES;
				CLANG_WARN_STRICT_PROTOTYPES = YES;
				CLANG_WARN_SUSPICIOUS_MOVE = YES;
				CLANG_WARN_UNGUARDED_AVAILABILITY = YES_AGGRESSIVE;
				CLANG_WARN_UNREACHABLE_CODE = YES;
				CLANG_WARN__DUPLICATE_METHOD_MATCH = YES;
				CODE_SIGN_IDENTITY = "iPhone Developer";
				COPY_PHASE_STRIP = NO;
				DEBUG_INFORMATION_FORMAT = dwarf;
				ENABLE_STRICT_OBJC_MSGSEND = YES;
				ENABLE_TESTABILITY = YES;
				GCC_C_LANGUAGE_STANDARD = gnu11;
				GCC_DYNAMIC_NO_PIC = NO;
				GCC_NO_COMMON_BLOCKS = YES;
				GCC_OPTIMIZATION_LEVEL = 0;
				GCC_PREPROCESSOR_DEFINITIONS = (
					"DEBUG=1",
					"$(inherited)",
				);
				GCC_WARN_64_TO_32_BIT_CONVERSION = YES;
				GCC_WARN_ABOUT_RETURN_TYPE = YES_ERROR;
				GCC_WARN_UNDECLARED_SELECTOR = YES;
				GCC_WARN_UNINITIALIZED_AUTOS = YES_AGGRESSIVE;
				GCC_WARN_UNUSED_FUNCTION = YES;
				GCC_WARN_UNUSED_VARIABLE = YES;
				IPHONEOS_DEPLOYMENT_TARGET = 12.0;
				MTL_ENABLE_DEBUG_INFO = INCLUDE_SOURCE;
				MTL_FAST_MATH = YES;
				ONLY_ACTIVE_ARCH = YES;
				SDKROOT = iphoneos;
				SWIFT_ACTIVE_COMPILATION_CONDITIONS = DEBUG;
				SWIFT_OPTIMIZATION_LEVEL = "-Onone";
			};
			name = Debug;
		};
		E650FB9C217A7C9300D5DC40 /* Release */ = {
			isa = XCBuildConfiguration;
			buildSettings = {
				ALWAYS_SEARCH_USER_PATHS = NO;
				CLANG_ANALYZER_NONNULL = YES;
				CLANG_ANALYZER_NUMBER_OBJECT_CONVERSION = YES_AGGRESSIVE;
				CLANG_CXX_LANGUAGE_STANDARD = "gnu++14";
				CLANG_CXX_LIBRARY = "libc++";
				CLANG_ENABLE_MODULES = YES;
				CLANG_ENABLE_OBJC_ARC = YES;
				CLANG_ENABLE_OBJC_WEAK = YES;
				CLANG_WARN_BLOCK_CAPTURE_AUTORELEASING = YES;
				CLANG_WARN_BOOL_CONVERSION = YES;
				CLANG_WARN_COMMA = YES;
				CLANG_WARN_CONSTANT_CONVERSION = YES;
				CLANG_WARN_DEPRECATED_OBJC_IMPLEMENTATIONS = YES;
				CLANG_WARN_DIRECT_OBJC_ISA_USAGE = YES_ERROR;
				CLANG_WARN_DOCUMENTATION_COMMENTS = YES;
				CLANG_WARN_EMPTY_BODY = YES;
				CLANG_WARN_ENUM_CONVERSION = YES;
				CLANG_WARN_INFINITE_RECURSION = YES;
				CLANG_WARN_INT_CONVERSION = YES;
				CLANG_WARN_NON_LITERAL_NULL_CONVERSION = YES;
				CLANG_WARN_OBJC_IMPLICIT_RETAIN_SELF = YES;
				CLANG_WARN_OBJC_LITERAL_CONVERSION = YES;
				CLANG_WARN_OBJC_ROOT_CLASS = YES_ERROR;
				CLANG_WARN_RANGE_LOOP_ANALYSIS = YES;
				CLANG_WARN_STRICT_PROTOTYPES = YES;
				CLANG_WARN_SUSPICIOUS_MOVE = YES;
				CLANG_WARN_UNGUARDED_AVAILABILITY = YES_AGGRESSIVE;
				CLANG_WARN_UNREACHABLE_CODE = YES;
				CLANG_WARN__DUPLICATE_METHOD_MATCH = YES;
				CODE_SIGN_IDENTITY = "iPhone Developer";
				COPY_PHASE_STRIP = NO;
				DEBUG_INFORMATION_FORMAT = "dwarf-with-dsym";
				ENABLE_NS_ASSERTIONS = NO;
				ENABLE_STRICT_OBJC_MSGSEND = YES;
				GCC_C_LANGUAGE_STANDARD = gnu11;
				GCC_NO_COMMON_BLOCKS = YES;
				GCC_WARN_64_TO_32_BIT_CONVERSION = YES;
				GCC_WARN_ABOUT_RETURN_TYPE = YES_ERROR;
				GCC_WARN_UNDECLARED_SELECTOR = YES;
				GCC_WARN_UNINITIALIZED_AUTOS = YES_AGGRESSIVE;
				GCC_WARN_UNUSED_FUNCTION = YES;
				GCC_WARN_UNUSED_VARIABLE = YES;
				IPHONEOS_DEPLOYMENT_TARGET = 12.0;
				MTL_ENABLE_DEBUG_INFO = NO;
				MTL_FAST_MATH = YES;
				SDKROOT = iphoneos;
				SWIFT_COMPILATION_MODE = wholemodule;
				SWIFT_OPTIMIZATION_LEVEL = "-O";
				VALIDATE_PRODUCT = YES;
			};
			name = Release;
		};
		E650FB9E217A7C9300D5DC40 /* Debug */ = {
			isa = XCBuildConfiguration;
			baseConfigurationReference = 3CCE3C04F995BD260080119A /* Pods-Instaglam.debug.xcconfig */;
			buildSettings = {
				ASSETCATALOG_COMPILER_APPICON_NAME = AppIcon;
				CODE_SIGN_STYLE = Automatic;
				DEVELOPMENT_TEAM = LZAFVSH738;
				INFOPLIST_FILE = Instaglam/Info.plist;
				LD_RUNPATH_SEARCH_PATHS = (
					"$(inherited)",
					"@executable_path/Frameworks",
				);
				PRODUCT_BUNDLE_IDENTIFIER = com.izavia.ios.Instaglam;
				PRODUCT_NAME = "$(TARGET_NAME)";
				SWIFT_VERSION = 4.2;
				TARGETED_DEVICE_FAMILY = "1,2";
			};
			name = Debug;
		};
		E650FB9F217A7C9300D5DC40 /* Release */ = {
			isa = XCBuildConfiguration;
			baseConfigurationReference = C7C96D8668E13BA7E8AFF7AD /* Pods-Instaglam.release.xcconfig */;
			buildSettings = {
				ASSETCATALOG_COMPILER_APPICON_NAME = AppIcon;
				CODE_SIGN_STYLE = Automatic;
				DEVELOPMENT_TEAM = LZAFVSH738;
				INFOPLIST_FILE = Instaglam/Info.plist;
				LD_RUNPATH_SEARCH_PATHS = (
					"$(inherited)",
					"@executable_path/Frameworks",
				);
				PRODUCT_BUNDLE_IDENTIFIER = com.izavia.ios.Instaglam;
				PRODUCT_NAME = "$(TARGET_NAME)";
				SWIFT_VERSION = 4.2;
				TARGETED_DEVICE_FAMILY = "1,2";
			};
			name = Release;
		};
		E650FBA1217A7C9300D5DC40 /* Debug */ = {
			isa = XCBuildConfiguration;
			baseConfigurationReference = 17924B28CDD972BA9B7268A6 /* Pods-InstaglamTests.debug.xcconfig */;
			buildSettings = {
				ALWAYS_EMBED_SWIFT_STANDARD_LIBRARIES = YES;
				BUNDLE_LOADER = "$(TEST_HOST)";
				CODE_SIGN_STYLE = Automatic;
				DEVELOPMENT_TEAM = LZAFVSH738;
				INFOPLIST_FILE = InstaglamTests/Info.plist;
				LD_RUNPATH_SEARCH_PATHS = (
					"$(inherited)",
					"@executable_path/Frameworks",
					"@loader_path/Frameworks",
				);
				PRODUCT_BUNDLE_IDENTIFIER = com.izavia.ios.InstaglamTests;
				PRODUCT_NAME = "$(TARGET_NAME)";
				SWIFT_VERSION = 4.2;
				TARGETED_DEVICE_FAMILY = "1,2";
				TEST_HOST = "$(BUILT_PRODUCTS_DIR)/Instaglam.app/Instaglam";
			};
			name = Debug;
		};
		E650FBA2217A7C9300D5DC40 /* Release */ = {
			isa = XCBuildConfiguration;
			baseConfigurationReference = 91C6D69591CB7C7CD4A59EDF /* Pods-InstaglamTests.release.xcconfig */;
			buildSettings = {
				ALWAYS_EMBED_SWIFT_STANDARD_LIBRARIES = YES;
				BUNDLE_LOADER = "$(TEST_HOST)";
				CODE_SIGN_STYLE = Automatic;
				DEVELOPMENT_TEAM = LZAFVSH738;
				INFOPLIST_FILE = InstaglamTests/Info.plist;
				LD_RUNPATH_SEARCH_PATHS = (
					"$(inherited)",
					"@executable_path/Frameworks",
					"@loader_path/Frameworks",
				);
				PRODUCT_BUNDLE_IDENTIFIER = com.izavia.ios.InstaglamTests;
				PRODUCT_NAME = "$(TARGET_NAME)";
				SWIFT_VERSION = 4.2;
				TARGETED_DEVICE_FAMILY = "1,2";
				TEST_HOST = "$(BUILT_PRODUCTS_DIR)/Instaglam.app/Instaglam";
			};
			name = Release;
		};
		E650FBA4217A7C9300D5DC40 /* Debug */ = {
			isa = XCBuildConfiguration;
			baseConfigurationReference = A66D011DD8FCC572A8FDDC49 /* Pods-InstaglamUITests.debug.xcconfig */;
			buildSettings = {
				ALWAYS_EMBED_SWIFT_STANDARD_LIBRARIES = YES;
				CODE_SIGN_STYLE = Automatic;
				DEVELOPMENT_TEAM = LZAFVSH738;
				INFOPLIST_FILE = InstaglamUITests/Info.plist;
				LD_RUNPATH_SEARCH_PATHS = (
					"$(inherited)",
					"@executable_path/Frameworks",
					"@loader_path/Frameworks",
				);
				PRODUCT_BUNDLE_IDENTIFIER = com.izavia.ios.InstaglamUITests;
				PRODUCT_NAME = "$(TARGET_NAME)";
				SWIFT_VERSION = 4.2;
				TARGETED_DEVICE_FAMILY = "1,2";
				TEST_TARGET_NAME = Instaglam;
			};
			name = Debug;
		};
		E650FBA5217A7C9300D5DC40 /* Release */ = {
			isa = XCBuildConfiguration;
			baseConfigurationReference = ED7CB9EB2BA6B4C09E9EA857 /* Pods-InstaglamUITests.release.xcconfig */;
			buildSettings = {
				ALWAYS_EMBED_SWIFT_STANDARD_LIBRARIES = YES;
				CODE_SIGN_STYLE = Automatic;
				DEVELOPMENT_TEAM = LZAFVSH738;
				INFOPLIST_FILE = InstaglamUITests/Info.plist;
				LD_RUNPATH_SEARCH_PATHS = (
					"$(inherited)",
					"@executable_path/Frameworks",
					"@loader_path/Frameworks",
				);
				PRODUCT_BUNDLE_IDENTIFIER = com.izavia.ios.InstaglamUITests;
				PRODUCT_NAME = "$(TARGET_NAME)";
				SWIFT_VERSION = 4.2;
				TARGETED_DEVICE_FAMILY = "1,2";
				TEST_TARGET_NAME = Instaglam;
			};
			name = Release;
		};
/* End XCBuildConfiguration section */

/* Begin XCConfigurationList section */
		E650FB70217A7C9100D5DC40 /* Build configuration list for PBXProject "Instaglam" */ = {
			isa = XCConfigurationList;
			buildConfigurations = (
				E650FB9B217A7C9300D5DC40 /* Debug */,
				E650FB9C217A7C9300D5DC40 /* Release */,
			);
			defaultConfigurationIsVisible = 0;
			defaultConfigurationName = Release;
		};
		E650FB9D217A7C9300D5DC40 /* Build configuration list for PBXNativeTarget "Instaglam" */ = {
			isa = XCConfigurationList;
			buildConfigurations = (
				E650FB9E217A7C9300D5DC40 /* Debug */,
				E650FB9F217A7C9300D5DC40 /* Release */,
			);
			defaultConfigurationIsVisible = 0;
			defaultConfigurationName = Release;
		};
		E650FBA0217A7C9300D5DC40 /* Build configuration list for PBXNativeTarget "InstaglamTests" */ = {
			isa = XCConfigurationList;
			buildConfigurations = (
				E650FBA1217A7C9300D5DC40 /* Debug */,
				E650FBA2217A7C9300D5DC40 /* Release */,
			);
			defaultConfigurationIsVisible = 0;
			defaultConfigurationName = Release;
		};
		E650FBA3217A7C9300D5DC40 /* Build configuration list for PBXNativeTarget "InstaglamUITests" */ = {
			isa = XCConfigurationList;
			buildConfigurations = (
				E650FBA4217A7C9300D5DC40 /* Debug */,
				E650FBA5217A7C9300D5DC40 /* Release */,
			);
			defaultConfigurationIsVisible = 0;
			defaultConfigurationName = Release;
		};
/* End XCConfigurationList section */
	};
	rootObject = E650FB6D217A7C9100D5DC40 /* Project object */;
}
